
Microsoft Visual Studio Solution File, Format Version 12.00
# Visual Studio 15
VisualStudioVersion = 15.0.28306.52
MinimumVisualStudioVersion = 10.0.40219.1
Project("{9A19103F-16F7-4668-BE54-9A1E7A4F7556}") = "Afonsoft.EFCore", "Afonsoft.EFCore\Afonsoft.EFCore.csproj", "{839BF90B-D568-4930-BF27-C162E0A37308}"
EndProject
Project("{FAE04EC0-301F-11D3-BF4B-00C04F79EFBC}") = "ConsoleAppTest", "ConsoleAppTest\ConsoleAppTest.csproj", "{8A8A7059-47A8-484B-BB59-47910772E020}"
EndProject
Global
	GlobalSection(SolutionConfigurationPlatforms) = preSolution
		Debug|Any CPU = Debug|Any CPU
		Release|Any CPU = Release|Any CPU
	EndGlobalSection
	GlobalSection(ProjectConfigurationPlatforms) = postSolution
		{839BF90B-D568-4930-BF27-C162E0A37308}.Debug|Any CPU.ActiveCfg = Debug|Any CPU
		{839BF90B-D568-4930-BF27-C162E0A37308}.Debug|Any CPU.Build.0 = Debug|Any CPU
		{839BF90B-D568-4930-BF27-C162E0A37308}.Release|Any CPU.ActiveCfg = Release|Any CPU
		{839BF90B-D568-4930-BF27-C162E0A37308}.Release|Any CPU.Build.0 = Release|Any CPU
		{8A8A7059-47A8-484B-BB59-47910772E020}.Debug|Any CPU.ActiveCfg = Debug|Any CPU
		{8A8A7059-47A8-484B-BB59-47910772E020}.Debug|Any CPU.Build.0 = Debug|Any CPU
		{8A8A7059-47A8-484B-BB59-47910772E020}.Release|Any CPU.ActiveCfg = Release|Any CPU
		{8A8A7059-47A8-484B-BB59-47910772E020}.Release|Any CPU.Build.0 = Release|Any CPU
	EndGlobalSection
	GlobalSection(SolutionProperties) = preSolution
		HideSolutionNode = FALSE
	EndGlobalSection
	GlobalSection(ExtensibilityGlobals) = postSolution
		SolutionGuid = {77ACB7DD-5C8D-47E8-BF7C-909600D91ED8}
	EndGlobalSection
EndGlobal
